// !$*UTF8*$!
{
	archiveVersion = 1;
	classes = {
	};
	objectVersion = 56;
	objects = {

/* Begin PBXBuildFile section */
		2A01A0012C00000100000001 /* GuoYueZhiPuApp.swift in Sources */ = {isa = PBXBuildFile; fileRef = 2A01B0012C00000100000001 /* GuoYueZhiPuApp.swift */; };
		2A01A0022C00000100000001 /* AppModels.swift in Sources */ = {isa = PBXBuildFile; fileRef = 2A01B0022C00000100000001 /* AppModels.swift */; };
		2A01A0032C00000100000001 /* DataStore.swift in Sources */ = {isa = PBXBuildFile; fileRef = 2A01B0032C00000100000001 /* DataStore.swift */; };
		2A01A0042C00000100000001 /* TonePlayer.swift in Sources */ = {isa = PBXBuildFile; fileRef = 2A01B0042C00000100000001 /* TonePlayer.swift */; };
		2A01A0052C00000100000001 /* Components.swift in Sources */ = {isa = PBXBuildFile; fileRef = 2A01B0052C00000100000001 /* Components.swift */; };
		2A01A0062C00000100000001 /* RootView.swift in Sources */ = {isa = PBXBuildFile; fileRef = 2A01B0062C00000100000001 /* RootView.swift */; };
		2A01A0072C00000100000001 /* DashboardView.swift in Sources */ = {isa = PBXBuildFile; fileRef = 2A01B0072C00000100000001 /* DashboardView.swift */; };
		2A01A0082C00000100000001 /* InstrumentsView.swift in Sources */ = {isa = PBXBuildFile; fileRef = 2A01B0082C00000100000001 /* InstrumentsView.swift */; };
		2A01A0092C00000100000001 /* PiecesView.swift in Sources */ = {isa = PBXBuildFile; fileRef = 2A01B0092C00000100000001 /* PiecesView.swift */; };
		2A01A00A2C00000100000001 /* LessonsView.swift in Sources */ = {isa = PBXBuildFile; fileRef = 2A01B00A2C00000100000001 /* LessonsView.swift */; };
		2A01A00B2C00000100000001 /* QuizView.swift in Sources */ = {isa = PBXBuildFile; fileRef = 2A01B00B2C00000100000001 /* QuizView.swift */; };
		2A01A00C2C00000100000001 /* Assets.xcassets in Resources */ = {isa = PBXBuildFile; fileRef = 2A01B00C2C00000100000001 /* Assets.xcassets */; };
		2A01A00D2C00000100000001 /* chinese_orchestra_data_export.json in Resources */ = {isa = PBXBuildFile; fileRef = 2A01B00D2C00000100000001 /* chinese_orchestra_data_export.json */; };
		2A02A0012C00000100000001 /* LearningProgressStore.swift in Sources */ = {isa = PBXBuildFile; fileRef = 2A02B0012C00000100000001 /* LearningProgressStore.swift */; };
		2A02A0022C00000100000001 /* PremiumStore.swift in Sources */ = {isa = PBXBuildFile; fileRef = 2A02B0022C00000100000001 /* PremiumStore.swift */; };
		2A02A0032C00000100000001 /* PracticeView.swift in Sources */ = {isa = PBXBuildFile; fileRef = 2A02B0032C00000100000001 /* PracticeView.swift */; };
		2A02A0042C00000100000001 /* PremiumView.swift in Sources */ = {isa = PBXBuildFile; fileRef = 2A02B0042C00000100000001 /* PremiumView.swift */; };
		2A02A0052C00000100000001 /* Audio in Resources */ = {isa = PBXBuildFile; fileRef = 2A02B0052C00000100000001 /* Audio */; };
		2A02A0062C00000100000001 /* PrivacyInfo.xcprivacy in Resources */ = {isa = PBXBuildFile; fileRef = 2A02B0062C00000100000001 /* PrivacyInfo.xcprivacy */; };
/* End PBXBuildFile section */

/* Begin PBXFileReference section */
		2A01B0012C00000100000001 /* GuoYueZhiPuApp.swift */ = {isa = PBXFileReference; lastKnownFileType = sourcecode.swift; path = GuoYueZhiPuApp.swift; sourceTree = "<group>"; };
		2A01B0022C00000100000001 /* AppModels.swift */ = {isa = PBXFileReference; lastKnownFileType = sourcecode.swift; path = AppModels.swift; sourceTree = "<group>"; };
		2A01B0032C00000100000001 /* DataStore.swift */ = {isa = PBXFileReference; lastKnownFileType = sourcecode.swift; path = DataStore.swift; sourceTree = "<group>"; };
		2A01B0042C00000100000001 /* TonePlayer.swift */ = {isa = PBXFileReference; lastKnownFileType = sourcecode.swift; path = TonePlayer.swift; sourceTree = "<group>"; };
		2A01B0052C00000100000001 /* Components.swift */ = {isa = PBXFileReference; lastKnownFileType = sourcecode.swift; path = Components.swift; sourceTree = "<group>"; };
		2A01B0062C00000100000001 /* RootView.swift */ = {isa = PBXFileReference; lastKnownFileType = sourcecode.swift; path = RootView.swift; sourceTree = "<group>"; };
		2A01B0072C00000100000001 /* DashboardView.swift */ = {isa = PBXFileReference; lastKnownFileType = sourcecode.swift; path = DashboardView.swift; sourceTree = "<group>"; };
		2A01B0082C00000100000001 /* InstrumentsView.swift */ = {isa = PBXFileReference; lastKnownFileType = sourcecode.swift; path = InstrumentsView.swift; sourceTree = "<group>"; };
		2A01B0092C00000100000001 /* PiecesView.swift */ = {isa = PBXFileReference; lastKnownFileType = sourcecode.swift; path = PiecesView.swift; sourceTree = "<group>"; };
		2A01B00A2C00000100000001 /* LessonsView.swift */ = {isa = PBXFileReference; lastKnownFileType = sourcecode.swift; path = LessonsView.swift; sourceTree = "<group>"; };
		2A01B00B2C00000100000001 /* QuizView.swift */ = {isa = PBXFileReference; lastKnownFileType = sourcecode.swift; path = QuizView.swift; sourceTree = "<group>"; };
		2A01B00C2C00000100000001 /* Assets.xcassets */ = {isa = PBXFileReference; lastKnownFileType = folder.assetcatalog; path = Assets.xcassets; sourceTree = "<group>"; };
		2A01B00D2C00000100000001 /* chinese_orchestra_data_export.json */ = {isa = PBXFileReference; lastKnownFileType = text.json; path = chinese_orchestra_data_export.json; sourceTree = "<group>"; };
		2A01B00E2C00000100000001 /* Preview Assets.xcassets */ = {isa = PBXFileReference; lastKnownFileType = folder.assetcatalog; path = "Preview Assets.xcassets"; sourceTree = "<group>"; };
		2A01B00F2C00000100000001 /* GuoYueZhiPu.app */ = {isa = PBXFileReference; explicitFileType = wrapper.application; includeInIndex = 0; path = GuoYueZhiPu.app; sourceTree = BUILT_PRODUCTS_DIR; };
		2A02B0012C00000100000001 /* LearningProgressStore.swift */ = {isa = PBXFileReference; lastKnownFileType = sourcecode.swift; path = LearningProgressStore.swift; sourceTree = "<group>"; };
		2A02B0022C00000100000001 /* PremiumStore.swift */ = {isa = PBXFileReference; lastKnownFileType = sourcecode.swift; path = PremiumStore.swift; sourceTree = "<group>"; };
		2A02B0032C00000100000001 /* PracticeView.swift */ = {isa = PBXFileReference; lastKnownFileType = sourcecode.swift; path = PracticeView.swift; sourceTree = "<group>"; };
		2A02B0042C00000100000001 /* PremiumView.swift */ = {isa = PBXFileReference; lastKnownFileType = sourcecode.swift; path = PremiumView.swift; sourceTree = "<group>"; };
		2A02B0052C00000100000001 /* Audio */ = {isa = PBXFileReference; lastKnownFileType = folder; path = Audio; sourceTree = "<group>"; };
		2A02B0062C00000100000001 /* PrivacyInfo.xcprivacy */ = {isa = PBXFileReference; lastKnownFileType = text.xml; path = PrivacyInfo.xcprivacy; sourceTree = "<group>"; };
/* End PBXFileReference section */

/* Begin PBXFrameworksBuildPhase section */
		2A01C0012C00000100000001 /* Frameworks */ = {
			isa = PBXFrameworksBuildPhase;
			buildActionMask = 2147483647;
			files = (
			);
			runOnlyForDeploymentPostprocessing = 0;
		};
/* End PBXFrameworksBuildPhase section */

/* Begin PBXGroup section */
		2A01D0012C00000100000001 = {
			isa = PBXGroup;
			children = (
				2A01D0022C00000100000001 /* GuoYueZhiPu */,
				2A01D0082C00000100000001 /* Products */,
			);
			sourceTree = "<group>";
		};
		2A01D0022C00000100000001 /* GuoYueZhiPu */ = {
			isa = PBXGroup;
			children = (
				2A01B0012C00000100000001 /* GuoYueZhiPuApp.swift */,
				2A01D0032C00000100000001 /* Models */,
				2A01D0042C00000100000001 /* Services */,
				2A01D0052C00000100000001 /* Views */,
				2A01D0062C00000100000001 /* Resources */,
				2A01B00C2C00000100000001 /* Assets.xcassets */,
				2A01D0072C00000100000001 /* Preview Content */,
			);
			path = GuoYueZhiPu;
			sourceTree = "<group>";
		};
		2A01D0032C00000100000001 /* Models */ = {
			isa = PBXGroup;
			children = (
				2A01B0022C00000100000001 /* AppModels.swift */,
			);
			path = Models;
			sourceTree = "<group>";
		};
		2A01D0042C00000100000001 /* Services */ = {
			isa = PBXGroup;
			children = (
				2A01B0032C00000100000001 /* DataStore.swift */,
				2A01B0042C00000100000001 /* TonePlayer.swift */,
				2A02B0012C00000100000001 /* LearningProgressStore.swift */,
				2A02B0022C00000100000001 /* PremiumStore.swift */,
			);
			path = Services;
			sourceTree = "<group>";
		};
		2A01D0052C00000100000001 /* Views */ = {
			isa = PBXGroup;
			children = (
				2A01B0052C00000100000001 /* Components.swift */,
				2A01B0062C00000100000001 /* RootView.swift */,
				2A01B0072C00000100000001 /* DashboardView.swift */,
				2A01B0082C00000100000001 /* InstrumentsView.swift */,
				2A01B0092C00000100000001 /* PiecesView.swift */,
				2A01B00A2C00000100000001 /* LessonsView.swift */,
				2A01B00B2C00000100000001 /* QuizView.swift */,
				2A02B0032C00000100000001 /* PracticeView.swift */,
				2A02B0042C00000100000001 /* PremiumView.swift */,
			);
			path = Views;
			sourceTree = "<group>";
		};
		2A01D0062C00000100000001 /* Resources */ = {
			isa = PBXGroup;
			children = (
				2A01B00D2C00000100000001 /* chinese_orchestra_data_export.json */,
				2A02B0052C00000100000001 /* Audio */,
				2A02B0062C00000100000001 /* PrivacyInfo.xcprivacy */,
			);
			path = Resources;
			sourceTree = "<group>";
		};
		2A01D0072C00000100000001 /* Preview Content */ = {
			isa = PBXGroup;
			children = (
				2A01B00E2C00000100000001 /* Preview Assets.xcassets */,
			);
			path = "Preview Content";
			sourceTree = "<group>";
		};
		2A01D0082C00000100000001 /* Products */ = {
			isa = PBXGroup;
			children = (
				2A01B00F2C00000100000001 /* GuoYueZhiPu.app */,
			);
			name = Products;
			sourceTree = "<group>";
		};
/* End PBXGroup section */

/* Begin PBXNativeTarget section */
		2A01E0012C00000100000001 /* GuoYueZhiPu */ = {
			isa = PBXNativeTarget;
			buildConfigurationList = 2A01F0042C00000100000001 /* Build configuration list for PBXNativeTarget "GuoYueZhiPu" */;
			buildPhases = (
				2A01C0022C00000100000001 /* Sources */,
				2A01C0012C00000100000001 /* Frameworks */,
				2A01C0032C00000100000001 /* Resources */,
			);
			buildRules = (
			);
			dependencies = (
			);
			name = GuoYueZhiPu;
			productName = GuoYueZhiPu;
			productReference = 2A01B00F2C00000100000001 /* GuoYueZhiPu.app */;
			productType = "com.apple.product-type.application";
		};
/* End PBXNativeTarget section */

/* Begin PBXProject section */
		2A01E0022C00000100000001 /* Project object */ = {
			isa = PBXProject;
			attributes = {
				BuildIndependentTargetsInParallel = 1;
				LastSwiftUpdateCheck = 1530;
				LastUpgradeCheck = 1530;
				TargetAttributes = {
					2A01E0012C00000100000001 = {
						CreatedOnToolsVersion = 15.3;
					};
				};
			};
			buildConfigurationList = 2A01F0012C00000100000001 /* Build configuration list for PBXProject "GuoYueZhiPu" */;
			compatibilityVersion = "Xcode 14.0";
			developmentRegion = "zh-Hant";
			hasScannedForEncodings = 0;
			knownRegions = (
				"zh-Hant",
				en,
				Base,
			);
			mainGroup = 2A01D0012C00000100000001;
			productRefGroup = 2A01D0082C00000100000001 /* Products */;
			projectDirPath = "";
			projectRoot = "";
			targets = (
				2A01E0012C00000100000001 /* GuoYueZhiPu */,
			);
		};
/* End PBXProject section */

/* Begin PBXResourcesBuildPhase section */
		2A01C0032C00000100000001 /* Resources */ = {
			isa = PBXResourcesBuildPhase;
			buildActionMask = 2147483647;
			files = (
				2A01A00C2C00000100000001 /* Assets.xcassets in Resources */,
				2A01A00D2C00000100000001 /* chinese_orchestra_data_export.json in Resources */,
				2A02A0052C00000100000001 /* Audio in Resources */,
				2A02A0062C00000100000001 /* PrivacyInfo.xcprivacy in Resources */,
			);
			runOnlyForDeploymentPostprocessing = 0;
		};
/* End PBXResourcesBuildPhase section */

/* Begin PBXSourcesBuildPhase section */
		2A01C0022C00000100000001 /* Sources */ = {
			isa = PBXSourcesBuildPhase;
			buildActionMask = 2147483647;
			files = (
				2A01A0012C00000100000001 /* GuoYueZhiPuApp.swift in Sources */,
				2A01A0022C00000100000001 /* AppModels.swift in Sources */,
				2A01A0032C00000100000001 /* DataStore.swift in Sources */,
				2A01A0042C00000100000001 /* TonePlayer.swift in Sources */,
				2A01A0052C00000100000001 /* Components.swift in Sources */,
				2A01A0062C00000100000001 /* RootView.swift in Sources */,
				2A01A0072C00000100000001 /* DashboardView.swift in Sources */,
				2A01A0082C00000100000001 /* InstrumentsView.swift in Sources */,
				2A01A0092C00000100000001 /* PiecesView.swift in Sources */,
				2A01A00A2C00000100000001 /* LessonsView.swift in Sources */,
				2A01A00B2C00000100000001 /* QuizView.swift in Sources */,
				2A02A0012C00000100000001 /* LearningProgressStore.swift in Sources */,
				2A02A0022C00000100000001 /* PremiumStore.swift in Sources */,
				2A02A0032C00000100000001 /* PracticeView.swift in Sources */,
				2A02A0042C00000100000001 /* PremiumView.swift in Sources */,
			);
			runOnlyForDeploymentPostprocessing = 0;
		};
/* End PBXSourcesBuildPhase section */

/* Begin XCBuildConfiguration section */
		2A01F0022C00000100000001 /* Debug */ = {
			isa = XCBuildConfiguration;
			buildSettings = {
				ALWAYS_SEARCH_USER_PATHS = NO;
				CLANG_ANALYZER_NONNULL = YES;
				CLANG_ANALYZER_NUMBER_OBJECT_CONVERSION = YES_AGGRESSIVE;
				CLANG_CXX_LANGUAGE_STANDARD = "gnu++20";
				CLANG_ENABLE_MODULES = YES;
				CLANG_ENABLE_OBJC_ARC = YES;
				CLANG_ENABLE_OBJC_WEAK = YES;
				CLANG_WARN_BLOCK_CAPTURE_AUTORELEASING = YES;
				CLANG_WARN_BOOL_CONVERSION = YES;
				CLANG_WARN_COMMA = YES;
				CLANG_WARN_CONSTANT_CONVERSION = YES;
				CLANG_WARN_DEPRECATED_OBJC_IMPLEMENTATIONS = YES;
				CLANG_WARN_DIRECT_OBJC_ISA_USAGE = YES_ERROR;
				CLANG_WARN_DOCUMENTATION_COMMENTS = YES;
				CLANG_WARN_EMPTY_BODY = YES;
				CLANG_WARN_ENUM_CONVERSION = YES;
				CLANG_WARN_INFINITE_RECURSION = YES;
				CLANG_WARN_INT_CONVERSION = YES;
				CLANG_WARN_NON_LITERAL_NULL_CONVERSION = YES;
				CLANG_WARN_OBJC_IMPLICIT_RETAIN_SELF = YES;
				CLANG_WARN_OBJC_LITERAL_CONVERSION = YES;
				CLANG_WARN_OBJC_ROOT_CLASS = YES_ERROR;
				CLANG_WARN_QUOTED_INCLUDE_IN_FRAMEWORK_HEADER = YES;
				CLANG_WARN_RANGE_LOOP_ANALYSIS = YES;
				CLANG_WARN_STRICT_PROTOTYPES = YES;
				CLANG_WARN_SUSPICIOUS_MOVE = YES;
				CLANG_WARN_UNGUARDED_AVAILABILITY = YES_AGGRESSIVE;
				CLANG_WARN_UNREACHABLE_CODE = YES;
				CLANG_WARN__DUPLICATE_METHOD_MATCH = YES;
				COPY_PHASE_STRIP = NO;
				DEBUG_INFORMATION_FORMAT = dwarf;
				ENABLE_STRICT_OBJC_MSGSEND = YES;
				ENABLE_TESTABILITY = YES;
				ENABLE_USER_SCRIPT_SANDBOXING = YES;
				GCC_C_LANGUAGE_STANDARD = gnu17;
				GCC_DYNAMIC_NO_PIC = NO;
				GCC_NO_COMMON_BLOCKS = YES;
				GCC_OPTIMIZATION_LEVEL = 0;
				GCC_PREPROCESSOR_DEFINITIONS = (
					"DEBUG=1",
					"$(inherited)",
				);
				GCC_WARN_64_TO_32_BIT_CONVERSION = YES;
				GCC_WARN_ABOUT_RETURN_TYPE = YES_ERROR;
				GCC_WARN_UNDECLARED_SELECTOR = YES;
				GCC_WARN_UNINITIALIZED_AUTOS = YES_AGGRESSIVE;
				GCC_WARN_UNUSED_FUNCTION = YES;
				GCC_WARN_UNUSED_VARIABLE = YES;
				IPHONEOS_DEPLOYMENT_TARGET = 16.0;
				MTL_ENABLE_DEBUG_INFO = INCLUDE_SOURCE;
				MTL_FAST_MATH = YES;
				ONLY_ACTIVE_ARCH = YES;
				SDKROOT = iphoneos;
				SWIFT_ACTIVE_COMPILATION_CONDITIONS = DEBUG;
				SWIFT_OPTIMIZATION_LEVEL = "-Onone";
			};
			name = Debug;
		};
		2A01F0032C00000100000001 /* Release */ = {
			isa = XCBuildConfiguration;
			buildSettings = {
				ALWAYS_SEARCH_USER_PATHS = NO;
				CLANG_ANALYZER_NONNULL = YES;
				CLANG_ANALYZER_NUMBER_OBJECT_CONVERSION = YES_AGGRESSIVE;
				CLANG_CXX_LANGUAGE_STANDARD = "gnu++20";
				CLANG_ENABLE_MODULES = YES;
				CLANG_ENABLE_OBJC_ARC = YES;
				CLANG_ENABLE_OBJC_WEAK = YES;
				CLANG_WARN_BLOCK_CAPTURE_AUTORELEASING = YES;
				CLANG_WARN_BOOL_CONVERSION = YES;
				CLANG_WARN_COMMA = YES;
				CLANG_WARN_CONSTANT_CONVERSION = YES;
				CLANG_WARN_DEPRECATED_OBJC_IMPLEMENTATIONS = YES;
				CLANG_WARN_DIRECT_OBJC_ISA_USAGE = YES_ERROR;
				CLANG_WARN_DOCUMENTATION_COMMENTS = YES;
				CLANG_WARN_EMPTY_BODY = YES;
				CLANG_WARN_ENUM_CONVERSION = YES;
				CLANG_WARN_INFINITE_RECURSION = YES;
				CLANG_WARN_INT_CONVERSION = YES;
				CLANG_WARN_NON_LITERAL_NULL_CONVERSION = YES;
				CLANG_WARN_OBJC_IMPLICIT_RETAIN_SELF = YES;
				CLANG_WARN_OBJC_LITERAL_CONVERSION = YES;
				CLANG_WARN_OBJC_ROOT_CLASS = YES_ERROR;
				CLANG_WARN_QUOTED_INCLUDE_IN_FRAMEWORK_HEADER = YES;
				CLANG_WARN_RANGE_LOOP_ANALYSIS = YES;
				CLANG_WARN_STRICT_PROTOTYPES = YES;
				CLANG_WARN_SUSPICIOUS_MOVE = YES;
				CLANG_WARN_UNGUARDED_AVAILABILITY = YES_AGGRESSIVE;
				CLANG_WARN_UNREACHABLE_CODE = YES;
				CLANG_WARN__DUPLICATE_METHOD_MATCH = YES;
				COPY_PHASE_STRIP = NO;
				DEBUG_INFORMATION_FORMAT = "dwarf-with-dsym";
				ENABLE_NS_ASSERTIONS = NO;
				ENABLE_STRICT_OBJC_MSGSEND = YES;
				ENABLE_USER_SCRIPT_SANDBOXING = YES;
				GCC_C_LANGUAGE_STANDARD = gnu17;
				GCC_NO_COMMON_BLOCKS = YES;
				GCC_WARN_64_TO_32_BIT_CONVERSION = YES;
				GCC_WARN_ABOUT_RETURN_TYPE = YES_ERROR;
				GCC_WARN_UNDECLARED_SELECTOR = YES;
				GCC_WARN_UNINITIALIZED_AUTOS = YES_AGGRESSIVE;
				GCC_WARN_UNUSED_FUNCTION = YES;
				GCC_WARN_UNUSED_VARIABLE = YES;
				IPHONEOS_DEPLOYMENT_TARGET = 16.0;
				MTL_ENABLE_DEBUG_INFO = NO;
				MTL_FAST_MATH = YES;
				SDKROOT = iphoneos;
				SWIFT_COMPILATION_MODE = wholemodule;
				VALIDATE_PRODUCT = YES;
			};
			name = Release;
		};
		2A01F0052C00000100000001 /* Debug */ = {
			isa = XCBuildConfiguration;
			buildSettings = {
				ASSETCATALOG_COMPILER_APPICON_NAME = AppIcon;
				ASSETCATALOG_COMPILER_GLOBAL_ACCENT_COLOR_NAME = AccentColor;
				CODE_SIGN_STYLE = Automatic;
				CURRENT_PROJECT_VERSION = 202605261918;
				DEVELOPMENT_ASSET_PATHS = "\"GuoYueZhiPu/Preview Content\"";
				DEVELOPMENT_TEAM = 7H7ZUG2WX8;
				ENABLE_PREVIEWS = YES;
				GENERATE_INFOPLIST_FILE = YES;
				INFOPLIST_KEY_CFBundleDisplayName = "國樂團練習室";
				INFOPLIST_KEY_NSHumanReadableCopyright = "Copyright © 2026 Yu Shiung Jiang";
				INFOPLIST_KEY_UIApplicationSceneManifest_Generation = NO;
				INFOPLIST_KEY_UIApplicationSupportsIndirectInputEvents = YES;
				INFOPLIST_KEY_UILaunchScreen_Generation = YES;
				INFOPLIST_KEY_UISupportedInterfaceOrientations = "UIInterfaceOrientationPortrait UIInterfaceOrientationPortraitUpsideDown UIInterfaceOrientationLandscapeLeft UIInterfaceOrientationLandscapeRight";
				"INFOPLIST_KEY_UISupportedInterfaceOrientations~ipad" = "UIInterfaceOrientationPortrait UIInterfaceOrientationPortraitUpsideDown UIInterfaceOrientationLandscapeLeft UIInterfaceOrientationLandscapeRight";
				IPHONEOS_DEPLOYMENT_TARGET = 16.0;
				LD_RUNPATH_SEARCH_PATHS = (
					"$(inherited)",
					"@executable_path/Frameworks",
				);
				MARKETING_VERSION = 1.0;
				PRODUCT_BUNDLE_IDENTIFIER = com.yuhsiangjiang.GuoYueZhiPu;
				PRODUCT_NAME = "$(TARGET_NAME)";
				SUPPORTED_PLATFORMS = "iphoneos iphonesimulator";
				SUPPORTS_MACCATALYST = NO;
				SUPPORTS_MAC_DESIGNED_FOR_IPHONE_IPAD = YES;
				SWIFT_EMIT_LOC_STRINGS = YES;
				SWIFT_VERSION = 5.0;
				TARGETED_DEVICE_FAMILY = "1,2";
			};
			name = Debug;
		};
		2A01F0062C00000100000001 /* Release */ = {
			isa = XCBuildConfiguration;
			buildSettings = {
				ASSETCATALOG_COMPILER_APPICON_NAME = AppIcon;
				ASSETCATALOG_COMPILER_GLOBAL_ACCENT_COLOR_NAME = AccentColor;
				CODE_SIGN_STYLE = Automatic;
				CURRENT_PROJECT_VERSION = 202605261918;
				DEVELOPMENT_ASSET_PATHS = "\"GuoYueZhiPu/Preview Content\"";
				DEVELOPMENT_TEAM = 7H7ZUG2WX8;
				ENABLE_PREVIEWS = YES;
				GENERATE_INFOPLIST_FILE = YES;
				INFOPLIST_KEY_CFBundleDisplayName = "國樂團練習室";
				INFOPLIST_KEY_NSHumanReadableCopyright = "Copyright © 2026 Yu Shiung Jiang";
				INFOPLIST_KEY_UIApplicationSceneManifest_Generation = NO;
				INFOPLIST_KEY_UIApplicationSupportsIndirectInputEvents = YES;
				INFOPLIST_KEY_UILaunchScreen_Generation = YES;
				INFOPLIST_KEY_UISupportedInterfaceOrientations = "UIInterfaceOrientationPortrait UIInterfaceOrientationPortraitUpsideDown UIInterfaceOrientationLandscapeLeft UIInterfaceOrientationLandscapeRight";
				"INFOPLIST_KEY_UISupportedInterfaceOrientations~ipad" = "UIInterfaceOrientationPortrait UIInterfaceOrientationPortraitUpsideDown UIInterfaceOrientationLandscapeLeft UIInterfaceOrientationLandscapeRight";
				IPHONEOS_DEPLOYMENT_TARGET = 16.0;
				LD_RUNPATH_SEARCH_PATHS = (
					"$(inherited)",
					"@executable_path/Frameworks",
				);
				MARKETING_VERSION = 1.0;
				PRODUCT_BUNDLE_IDENTIFIER = com.yuhsiangjiang.GuoYueZhiPu;
				PRODUCT_NAME = "$(TARGET_NAME)";
				SUPPORTED_PLATFORMS = "iphoneos iphonesimulator";
				SUPPORTS_MACCATALYST = NO;
				SUPPORTS_MAC_DESIGNED_FOR_IPHONE_IPAD = YES;
				SWIFT_EMIT_LOC_STRINGS = YES;
				SWIFT_VERSION = 5.0;
				TARGETED_DEVICE_FAMILY = "1,2";
			};
			name = Release;
		};
/* End XCBuildConfiguration section */

/* Begin XCConfigurationList section */
		2A01F0012C00000100000001 /* Build configuration list for PBXProject "GuoYueZhiPu" */ = {
			isa = XCConfigurationList;
			buildConfigurations = (
				2A01F0022C00000100000001 /* Debug */,
				2A01F0032C00000100000001 /* Release */,
			);
			defaultConfigurationIsVisible = 0;
			defaultConfigurationName = Release;
		};
		2A01F0042C00000100000001 /* Build configuration list for PBXNativeTarget "GuoYueZhiPu" */ = {
			isa = XCConfigurationList;
			buildConfigurations = (
				2A01F0052C00000100000001 /* Debug */,
				2A01F0062C00000100000001 /* Release */,
			);
			defaultConfigurationIsVisible = 0;
			defaultConfigurationName = Release;
		};
/* End XCConfigurationList section */
	};
	rootObject = 2A01E0022C00000100000001 /* Project object */;
}
